
Microsoft Visual Studio Solution File, Format Version 12.00
# Visual Studio Version 17
VisualStudioVersion = 17.9.34622.214
MinimumVisualStudioVersion = 10.0.40219.1
Project("{F184B08F-C81C-45F6-A57F-5ABD9991F28F}") = "SalonManagement", "SalonManagement\SalonManagement.vbproj", "{DED2E2F7-6A69-4135-9F30-75CBA2139615}"
EndProject
Global
	GlobalSection(SolutionConfigurationPlatforms) = preSolution
		Debug|Any CPU = Debug|Any CPU
		Release|Any CPU = Release|Any CPU
	EndGlobalSection
	GlobalSection(ProjectConfigurationPlatforms) = postSolution
		{DED2E2F7-6A69-4135-9F30-75CBA2139615}.Debug|Any CPU.ActiveCfg = Debug|Any CPU
		{DED2E2F7-6A69-4135-9F30-75CBA2139615}.Debug|Any CPU.Build.0 = Debug|Any CPU
		{DED2E2F7-6A69-4135-9F30-75CBA2139615}.Release|Any CPU.ActiveCfg = Release|Any CPU
		{DED2E2F7-6A69-4135-9F30-75CBA2139615}.Release|Any CPU.Build.0 = Release|Any CPU
	EndGlobalSection
	GlobalSection(SolutionProperties) = preSolution
		HideSolutionNode = FALSE
	EndGlobalSection
	GlobalSection(ExtensibilityGlobals) = postSolution
		SolutionGuid = {F7B8C92B-5CB6-4849-A8D6-DC1115D1C288}
	EndGlobalSection
EndGlobal
